
Microsoft Visual Studio Solution File, Format Version 12.00
# Visual Studio Version 17
VisualStudioVersion = 17.5.33627.172
MinimumVisualStudioVersion = 10.0.40219.1
Project("{FAE04EC0-301F-11D3-BF4B-00C04F79EFBC}") = "PrivateTest", "PrivaTest\PrivateTest.csproj", "{5C641AF2-2BC5-4F38-ABB9-F57331F4A9FB}"
EndProject
Project("{FAE04EC0-301F-11D3-BF4B-00C04F79EFBC}") = "PrivateTest1!", "PrivateTest1\PrivateTest1!.csproj", "{3E47E589-7190-44A6-9CA0-F733F3F0F4C8}"
EndProject
Project("{FAE04EC0-301F-11D3-BF4B-00C04F79EFBC}") = "ProtectedTest", "ProtectedTest\ProtectedTest.csproj", "{158D8D47-F394-4A06-A519-E5E7934DC93A}"
EndProject
Project("{FAE04EC0-301F-11D3-BF4B-00C04F79EFBC}") = "ProtectedTest1!", "ProtectedTest1,\ProtectedTest1!.csproj", "{EE9E081E-1E0E-41A4-8F58-A65A839827C5}"
EndProject
Project("{FAE04EC0-301F-11D3-BF4B-00C04F79EFBC}") = "ProtectedSuccess", "ProtestedSuccess\ProtectedSuccess.csproj", "{75BA8253-9205-4117-ABA6-1DBDA2331D2E}"
EndProject
Project("{FAE04EC0-301F-11D3-BF4B-00C04F79EFBC}") = "InternalTest", "InternalTest\InternalTest.csproj", "{6EC7DDFA-DE4D-4D0D-A76D-15CB9C831095}"
EndProject
Project("{FAE04EC0-301F-11D3-BF4B-00C04F79EFBC}") = "ReadOnlyTest", "ReadOnlyTest\ReadOnlyTest.csproj", "{73687FA4-CBE3-4177-9D5C-682B3A7C4C92}"
EndProject
Project("{FAE04EC0-301F-11D3-BF4B-00C04F79EFBC}") = "ReadOnlyTest1", "ReadOnlyTest1\ReadOnlyTest1.csproj", "{2C7835A8-950C-4151-91BD-AD25CF5AD982}"
EndProject
Project("{FAE04EC0-301F-11D3-BF4B-00C04F79EFBC}") = "ReadOnlyTest2", "ReadOnlyTest2\ReadOnlyTest2.csproj", "{DCACB286-5A90-41A0-AE46-50CFCC77BA25}"
EndProject
Project("{FAE04EC0-301F-11D3-BF4B-00C04F79EFBC}") = "VarTest", "VarTest\VarTest.csproj", "{22AF1438-D007-4AF0-BCFD-C9446724B720}"
EndProject
Project("{FAE04EC0-301F-11D3-BF4B-00C04F79EFBC}") = "VarTest1", "VarTest1\VarTest1.csproj", "{ED2FE38A-12B1-42B5-A816-A66DCFE1A1EA}"
EndProject
Project("{FAE04EC0-301F-11D3-BF4B-00C04F79EFBC}") = "ObjectTest", "ObjectTest\ObjectTest.csproj", "{9F86E787-614D-41B3-ADBC-8868DCD81983}"
EndProject
Project("{FAE04EC0-301F-11D3-BF4B-00C04F79EFBC}") = "ObjectTest1", "ObjectTest1\ObjectTest1.csproj", "{CC6CD0AA-E296-4D6C-B365-CA9A28E6811C}"
EndProject
Project("{FAE04EC0-301F-11D3-BF4B-00C04F79EFBC}") = "ObjectTest2", "ObjectTesr2\ObjectTest2.csproj", "{12B6742A-977E-4C48-ACB2-2E43312A3FC1}"
EndProject
Project("{FAE04EC0-301F-11D3-BF4B-00C04F79EFBC}") = "ObjectTest3", "ObjectTest3\ObjectTest3.csproj", "{F874038F-3AB0-45A1-9692-15813691E28D}"
EndProject
Project("{FAE04EC0-301F-11D3-BF4B-00C04F79EFBC}") = "ObjectTest4", "ObjectTest4\ObjectTest4.csproj", "{84B95259-42E0-4449-8769-E2C81F29C2B4}"
EndProject
Project("{FAE04EC0-301F-11D3-BF4B-00C04F79EFBC}") = "ObjectTest5", "ObjectTest5\ObjectTest5.csproj", "{B6238307-C93C-47EE-84D1-C18DACF7A71C}"
EndProject
Project("{FAE04EC0-301F-11D3-BF4B-00C04F79EFBC}") = "ObjectTest6", "ObjectTest6\ObjectTest6.csproj", "{1BBCF8FB-7628-4B95-A0F5-ECF8E0017000}"
EndProject
Project("{FAE04EC0-301F-11D3-BF4B-00C04F79EFBC}") = "GetHashCodeTest", "GetHashCodeTest\GetHashCodeTest.csproj", "{6CFFFDF9-F3F5-417F-9970-16E4AFB4CF90}"
EndProject
Project("{FAE04EC0-301F-11D3-BF4B-00C04F79EFBC}") = "GetHashCodeTest1", "GetHashCodeTest1\GetHashCodeTest1.csproj", "{C1726B3E-F2AD-4FA6-A8A3-FE9E1E158A1B}"
EndProject
Project("{FAE04EC0-301F-11D3-BF4B-00C04F79EFBC}") = "GetHashCodeTest2", "GetHashCodeTest2\GetHashCodeTest2.csproj", "{DF6288D7-D160-4E52-97CD-2CE2A2375278}"
EndProject
Project("{FAE04EC0-301F-11D3-BF4B-00C04F79EFBC}") = "AbstractClassTest", "AbstractTest\AbstractClassTest.csproj", "{419FFF3C-7A66-482D-8E94-A494AC316C5A}"
EndProject
Project("{FAE04EC0-301F-11D3-BF4B-00C04F79EFBC}") = "AbstractClassTest1", "AbstractClassTest1\AbstractClassTest1.csproj", "{0EE9DA88-6DF9-47D1-B712-6131AEE1D643}"
EndProject
Project("{FAE04EC0-301F-11D3-BF4B-00C04F79EFBC}") = "AbstractClassTest2", "AbstractClassTest2\AbstractClassTest2.csproj", "{46A887AE-27D0-48D1-B264-0DB07C2573CD}"
EndProject
Project("{FAE04EC0-301F-11D3-BF4B-00C04F79EFBC}") = "AbstractClassTest3", "AbstractClassTest3\AbstractClassTest3.csproj", "{CE180761-EAC4-4DC2-9369-06176840AFCD}"
EndProject
Project("{FAE04EC0-301F-11D3-BF4B-00C04F79EFBC}") = "AbstractClassTest4", "AbstractClassTest4\AbstractClassTest4.csproj", "{D27A27DC-EA2A-4496-94EE-9C624B5C6E00}"
EndProject
Project("{FAE04EC0-301F-11D3-BF4B-00C04F79EFBC}") = "AbstractClassTest5", "AbstractClassTest5\AbstractClassTest5.csproj", "{50BDBCB0-BE2A-4AF6-9B72-68922C1A68D5}"
EndProject
Project("{FAE04EC0-301F-11D3-BF4B-00C04F79EFBC}") = "AbstractClassTest6", "AbstractClassTest6\AbstractClassTest6.csproj", "{1284127C-19CC-41EE-B271-6BD5F50A905D}"
EndProject
Project("{FAE04EC0-301F-11D3-BF4B-00C04F79EFBC}") = "AbstractClassTest7", "AbstractClassTest7\AbstractClassTest7.csproj", "{7F94451A-F67D-43B5-B07F-7D384B2CE0C2}"
EndProject
Project("{FAE04EC0-301F-11D3-BF4B-00C04F79EFBC}") = "AbstractClassTest8", "AbstractClassTest8\AbstractClassTest8.csproj", "{B61CDA5C-64E3-4A7A-8318-CD8A0E2BD8D5}"
EndProject
Project("{FAE04EC0-301F-11D3-BF4B-00C04F79EFBC}") = "OverrideTest", "OverrideTest\OverrideTest.csproj", "{43C47313-F880-44FD-9BF0-100CE043F06A}"
EndProject
Project("{FAE04EC0-301F-11D3-BF4B-00C04F79EFBC}") = "OverrideTest1", "OverrideTest1\OverrideTest1.csproj", "{BD65DB64-98A4-44AC-8442-168F46A6A6CE}"
EndProject
Project("{FAE04EC0-301F-11D3-BF4B-00C04F79EFBC}") = "AbstractClassTest9", "AbstractClassTest9\AbstractClassTest9.csproj", "{D7C265F1-161D-4718-B1CB-166A01FA9A28}"
EndProject
Project("{FAE04EC0-301F-11D3-BF4B-00C04F79EFBC}") = "InterfaceTest", "InterfaceTest\InterfaceTest.csproj", "{52D43DF0-A5C2-4B8B-9492-27C17FA884C0}"
EndProject
Project("{FAE04EC0-301F-11D3-BF4B-00C04F79EFBC}") = "InterfaceTest1", "InterfaceTest1\InterfaceTest1.csproj", "{6A40C7BF-8A53-4F1A-BBFE-455033F1749C}"
EndProject
Project("{FAE04EC0-301F-11D3-BF4B-00C04F79EFBC}") = "InterfaceTest2", "InterfaceTest2\InterfaceTest2.csproj", "{55FE9898-0CCF-414F-A644-FD75631B096F}"
EndProject
Project("{FAE04EC0-301F-11D3-BF4B-00C04F79EFBC}") = "InterfaceTest3", "InterfaceTest3\InterfaceTest3.csproj", "{0DFCD3A1-9630-459A-989D-0BCF12081FCD}"
EndProject
Project("{FAE04EC0-301F-11D3-BF4B-00C04F79EFBC}") = "InterfaceTest4", "InterfaceTest4\InterfaceTest4.csproj", "{C17AFC61-B0FE-40BE-A840-F56E8CAC37DF}"
EndProject
Project("{FAE04EC0-301F-11D3-BF4B-00C04F79EFBC}") = "InterfaceTest5", "InterfaceTest5\InterfaceTest5.csproj", "{F784E87D-7F54-42C5-B5AE-14E271326110}"
EndProject
Project("{2150E333-8FDC-42A3-9474-1A3956D46DE8}") = "AbstractClass", "AbstractClass", "{C1CEED68-818F-44D7-B1C6-1E0A46D9BBC0}"
EndProject
Project("{2150E333-8FDC-42A3-9474-1A3956D46DE8}") = "Interface", "Interface", "{C651CFE6-AF67-4A3C-8180-17A55052B8D4}"
EndProject
Project("{2150E333-8FDC-42A3-9474-1A3956D46DE8}") = "Object-Var", "Object-Var", "{152B5FFF-59F0-4D4E-ADFE-5A9657CABEFD}"
EndProject
Project("{2150E333-8FDC-42A3-9474-1A3956D46DE8}") = "GetHashCode", "GetHashCode", "{1021C19D-524B-4034-A922-1DD20414EB59}"
EndProject
Project("{2150E333-8FDC-42A3-9474-1A3956D46DE8}") = "AccessModifiers", "AccessModifiers", "{A984ADE8-4858-4752-8FEE-9164EA65D0B1}"
EndProject
Project("{2150E333-8FDC-42A3-9474-1A3956D46DE8}") = "Modifier", "Modifier", "{94A407BD-BE2C-464B-9D76-B1D7CD72AF98}"
EndProject
Project("{2150E333-8FDC-42A3-9474-1A3956D46DE8}") = "Serialization-Deserialized", "Serialization-Deserialized", "{78AA268B-AB00-4F78-9F54-67FCAB465838}"
EndProject
Project("{FAE04EC0-301F-11D3-BF4B-00C04F79EFBC}") = "SerializationTest", "SerializationTest\SerializationTest.csproj", "{FEB503C2-C8A1-4C22-A08E-EA374DE0E6E2}"
EndProject
Project("{FAE04EC0-301F-11D3-BF4B-00C04F79EFBC}") = "SerializeTest1", "SerializeTest1\SerializeTest1.csproj", "{BE960C31-99C5-48F4-A3EC-0E3ACF6D2B36}"
EndProject
Project("{FAE04EC0-301F-11D3-BF4B-00C04F79EFBC}") = "SerializeTest2", "SerializeTest2\SerializeTest2.csproj", "{EC6A2B30-D840-4874-98E1-0604DCD3EBDC}"
EndProject
Global
	GlobalSection(SolutionConfigurationPlatforms) = preSolution
		Debug|Any CPU = Debug|Any CPU
		Release|Any CPU = Release|Any CPU
	EndGlobalSection
	GlobalSection(ProjectConfigurationPlatforms) = postSolution
		{5C641AF2-2BC5-4F38-ABB9-F57331F4A9FB}.Debug|Any CPU.ActiveCfg = Debug|Any CPU
		{5C641AF2-2BC5-4F38-ABB9-F57331F4A9FB}.Debug|Any CPU.Build.0 = Debug|Any CPU
		{5C641AF2-2BC5-4F38-ABB9-F57331F4A9FB}.Release|Any CPU.ActiveCfg = Release|Any CPU
		{5C641AF2-2BC5-4F38-ABB9-F57331F4A9FB}.Release|Any CPU.Build.0 = Release|Any CPU
		{3E47E589-7190-44A6-9CA0-F733F3F0F4C8}.Debug|Any CPU.ActiveCfg = Debug|Any CPU
		{3E47E589-7190-44A6-9CA0-F733F3F0F4C8}.Debug|Any CPU.Build.0 = Debug|Any CPU
		{3E47E589-7190-44A6-9CA0-F733F3F0F4C8}.Release|Any CPU.ActiveCfg = Release|Any CPU
		{3E47E589-7190-44A6-9CA0-F733F3F0F4C8}.Release|Any CPU.Build.0 = Release|Any CPU
		{158D8D47-F394-4A06-A519-E5E7934DC93A}.Debug|Any CPU.ActiveCfg = Debug|Any CPU
		{158D8D47-F394-4A06-A519-E5E7934DC93A}.Debug|Any CPU.Build.0 = Debug|Any CPU
		{158D8D47-F394-4A06-A519-E5E7934DC93A}.Release|Any CPU.ActiveCfg = Release|Any CPU
		{158D8D47-F394-4A06-A519-E5E7934DC93A}.Release|Any CPU.Build.0 = Release|Any CPU
		{EE9E081E-1E0E-41A4-8F58-A65A839827C5}.Debug|Any CPU.ActiveCfg = Debug|Any CPU
		{EE9E081E-1E0E-41A4-8F58-A65A839827C5}.Debug|Any CPU.Build.0 = Debug|Any CPU
		{EE9E081E-1E0E-41A4-8F58-A65A839827C5}.Release|Any CPU.ActiveCfg = Release|Any CPU
		{EE9E081E-1E0E-41A4-8F58-A65A839827C5}.Release|Any CPU.Build.0 = Release|Any CPU
		{75BA8253-9205-4117-ABA6-1DBDA2331D2E}.Debug|Any CPU.ActiveCfg = Debug|Any CPU
		{75BA8253-9205-4117-ABA6-1DBDA2331D2E}.Debug|Any CPU.Build.0 = Debug|Any CPU
		{75BA8253-9205-4117-ABA6-1DBDA2331D2E}.Release|Any CPU.ActiveCfg = Release|Any CPU
		{75BA8253-9205-4117-ABA6-1DBDA2331D2E}.Release|Any CPU.Build.0 = Release|Any CPU
		{6EC7DDFA-DE4D-4D0D-A76D-15CB9C831095}.Debug|Any CPU.ActiveCfg = Debug|Any CPU
		{6EC7DDFA-DE4D-4D0D-A76D-15CB9C831095}.Debug|Any CPU.Build.0 = Debug|Any CPU
		{6EC7DDFA-DE4D-4D0D-A76D-15CB9C831095}.Release|Any CPU.ActiveCfg = Release|Any CPU
		{6EC7DDFA-DE4D-4D0D-A76D-15CB9C831095}.Release|Any CPU.Build.0 = Release|Any CPU
		{73687FA4-CBE3-4177-9D5C-682B3A7C4C92}.Debug|Any CPU.ActiveCfg = Debug|Any CPU
		{73687FA4-CBE3-4177-9D5C-682B3A7C4C92}.Debug|Any CPU.Build.0 = Debug|Any CPU
		{73687FA4-CBE3-4177-9D5C-682B3A7C4C92}.Release|Any CPU.ActiveCfg = Release|Any CPU
		{73687FA4-CBE3-4177-9D5C-682B3A7C4C92}.Release|Any CPU.Build.0 = Release|Any CPU
		{2C7835A8-950C-4151-91BD-AD25CF5AD982}.Debug|Any CPU.ActiveCfg = Debug|Any CPU
		{2C7835A8-950C-4151-91BD-AD25CF5AD982}.Debug|Any CPU.Build.0 = Debug|Any CPU
		{2C7835A8-950C-4151-91BD-AD25CF5AD982}.Release|Any CPU.ActiveCfg = Release|Any CPU
		{2C7835A8-950C-4151-91BD-AD25CF5AD982}.Release|Any CPU.Build.0 = Release|Any CPU
		{DCACB286-5A90-41A0-AE46-50CFCC77BA25}.Debug|Any CPU.ActiveCfg = Debug|Any CPU
		{DCACB286-5A90-41A0-AE46-50CFCC77BA25}.Debug|Any CPU.Build.0 = Debug|Any CPU
		{DCACB286-5A90-41A0-AE46-50CFCC77BA25}.Release|Any CPU.ActiveCfg = Release|Any CPU
		{DCACB286-5A90-41A0-AE46-50CFCC77BA25}.Release|Any CPU.Build.0 = Release|Any CPU
		{22AF1438-D007-4AF0-BCFD-C9446724B720}.Debug|Any CPU.ActiveCfg = Debug|Any CPU
		{22AF1438-D007-4AF0-BCFD-C9446724B720}.Debug|Any CPU.Build.0 = Debug|Any CPU
		{22AF1438-D007-4AF0-BCFD-C9446724B720}.Release|Any CPU.ActiveCfg = Release|Any CPU
		{22AF1438-D007-4AF0-BCFD-C9446724B720}.Release|Any CPU.Build.0 = Release|Any CPU
		{ED2FE38A-12B1-42B5-A816-A66DCFE1A1EA}.Debug|Any CPU.ActiveCfg = Debug|Any CPU
		{ED2FE38A-12B1-42B5-A816-A66DCFE1A1EA}.Debug|Any CPU.Build.0 = Debug|Any CPU
		{ED2FE38A-12B1-42B5-A816-A66DCFE1A1EA}.Release|Any CPU.ActiveCfg = Release|Any CPU
		{ED2FE38A-12B1-42B5-A816-A66DCFE1A1EA}.Release|Any CPU.Build.0 = Release|Any CPU
		{9F86E787-614D-41B3-ADBC-8868DCD81983}.Debug|Any CPU.ActiveCfg = Debug|Any CPU
		{9F86E787-614D-41B3-ADBC-8868DCD81983}.Debug|Any CPU.Build.0 = Debug|Any CPU
		{9F86E787-614D-41B3-ADBC-8868DCD81983}.Release|Any CPU.ActiveCfg = Release|Any CPU
		{9F86E787-614D-41B3-ADBC-8868DCD81983}.Release|Any CPU.Build.0 = Release|Any CPU
		{CC6CD0AA-E296-4D6C-B365-CA9A28E6811C}.Debug|Any CPU.ActiveCfg = Debug|Any CPU
		{CC6CD0AA-E296-4D6C-B365-CA9A28E6811C}.Debug|Any CPU.Build.0 = Debug|Any CPU
		{CC6CD0AA-E296-4D6C-B365-CA9A28E6811C}.Release|Any CPU.ActiveCfg = Release|Any CPU
		{CC6CD0AA-E296-4D6C-B365-CA9A28E6811C}.Release|Any CPU.Build.0 = Release|Any CPU
		{12B6742A-977E-4C48-ACB2-2E43312A3FC1}.Debug|Any CPU.ActiveCfg = Debug|Any CPU
		{12B6742A-977E-4C48-ACB2-2E43312A3FC1}.Debug|Any CPU.Build.0 = Debug|Any CPU
		{12B6742A-977E-4C48-ACB2-2E43312A3FC1}.Release|Any CPU.ActiveCfg = Release|Any CPU
		{12B6742A-977E-4C48-ACB2-2E43312A3FC1}.Release|Any CPU.Build.0 = Release|Any CPU
		{F874038F-3AB0-45A1-9692-15813691E28D}.Debug|Any CPU.ActiveCfg = Debug|Any CPU
		{F874038F-3AB0-45A1-9692-15813691E28D}.Debug|Any CPU.Build.0 = Debug|Any CPU
		{F874038F-3AB0-45A1-9692-15813691E28D}.Release|Any CPU.ActiveCfg = Release|Any CPU
		{F874038F-3AB0-45A1-9692-15813691E28D}.Release|Any CPU.Build.0 = Release|Any CPU
		{84B95259-42E0-4449-8769-E2C81F29C2B4}.Debug|Any CPU.ActiveCfg = Debug|Any CPU
		{84B95259-42E0-4449-8769-E2C81F29C2B4}.Debug|Any CPU.Build.0 = Debug|Any CPU
		{84B95259-42E0-4449-8769-E2C81F29C2B4}.Release|Any CPU.ActiveCfg = Release|Any CPU
		{84B95259-42E0-4449-8769-E2C81F29C2B4}.Release|Any CPU.Build.0 = Release|Any CPU
		{B6238307-C93C-47EE-84D1-C18DACF7A71C}.Debug|Any CPU.ActiveCfg = Debug|Any CPU
		{B6238307-C93C-47EE-84D1-C18DACF7A71C}.Debug|Any CPU.Build.0 = Debug|Any CPU
		{B6238307-C93C-47EE-84D1-C18DACF7A71C}.Release|Any CPU.ActiveCfg = Release|Any CPU
		{B6238307-C93C-47EE-84D1-C18DACF7A71C}.Release|Any CPU.Build.0 = Release|Any CPU
		{1BBCF8FB-7628-4B95-A0F5-ECF8E0017000}.Debug|Any CPU.ActiveCfg = Debug|Any CPU
		{1BBCF8FB-7628-4B95-A0F5-ECF8E0017000}.Debug|Any CPU.Build.0 = Debug|Any CPU
		{1BBCF8FB-7628-4B95-A0F5-ECF8E0017000}.Release|Any CPU.ActiveCfg = Release|Any CPU
		{1BBCF8FB-7628-4B95-A0F5-ECF8E0017000}.Release|Any CPU.Build.0 = Release|Any CPU
		{6CFFFDF9-F3F5-417F-9970-16E4AFB4CF90}.Debug|Any CPU.ActiveCfg = Debug|Any CPU
		{6CFFFDF9-F3F5-417F-9970-16E4AFB4CF90}.Debug|Any CPU.Build.0 = Debug|Any CPU
		{6CFFFDF9-F3F5-417F-9970-16E4AFB4CF90}.Release|Any CPU.ActiveCfg = Release|Any CPU
		{6CFFFDF9-F3F5-417F-9970-16E4AFB4CF90}.Release|Any CPU.Build.0 = Release|Any CPU
		{C1726B3E-F2AD-4FA6-A8A3-FE9E1E158A1B}.Debug|Any CPU.ActiveCfg = Debug|Any CPU
		{C1726B3E-F2AD-4FA6-A8A3-FE9E1E158A1B}.Debug|Any CPU.Build.0 = Debug|Any CPU
		{C1726B3E-F2AD-4FA6-A8A3-FE9E1E158A1B}.Release|Any CPU.ActiveCfg = Release|Any CPU
		{C1726B3E-F2AD-4FA6-A8A3-FE9E1E158A1B}.Release|Any CPU.Build.0 = Release|Any CPU
		{DF6288D7-D160-4E52-97CD-2CE2A2375278}.Debug|Any CPU.ActiveCfg = Debug|Any CPU
		{DF6288D7-D160-4E52-97CD-2CE2A2375278}.Debug|Any CPU.Build.0 = Debug|Any CPU
		{DF6288D7-D160-4E52-97CD-2CE2A2375278}.Release|Any CPU.ActiveCfg = Release|Any CPU
		{DF6288D7-D160-4E52-97CD-2CE2A2375278}.Release|Any CPU.Build.0 = Release|Any CPU
		{419FFF3C-7A66-482D-8E94-A494AC316C5A}.Debug|Any CPU.ActiveCfg = Debug|Any CPU
		{419FFF3C-7A66-482D-8E94-A494AC316C5A}.Debug|Any CPU.Build.0 = Debug|Any CPU
		{419FFF3C-7A66-482D-8E94-A494AC316C5A}.Release|Any CPU.ActiveCfg = Release|Any CPU
		{419FFF3C-7A66-482D-8E94-A494AC316C5A}.Release|Any CPU.Build.0 = Release|Any CPU
		{0EE9DA88-6DF9-47D1-B712-6131AEE1D643}.Debug|Any CPU.ActiveCfg = Debug|Any CPU
		{0EE9DA88-6DF9-47D1-B712-6131AEE1D643}.Debug|Any CPU.Build.0 = Debug|Any CPU
		{0EE9DA88-6DF9-47D1-B712-6131AEE1D643}.Release|Any CPU.ActiveCfg = Release|Any CPU
		{0EE9DA88-6DF9-47D1-B712-6131AEE1D643}.Release|Any CPU.Build.0 = Release|Any CPU
		{46A887AE-27D0-48D1-B264-0DB07C2573CD}.Debug|Any CPU.ActiveCfg = Debug|Any CPU
		{46A887AE-27D0-48D1-B264-0DB07C2573CD}.Debug|Any CPU.Build.0 = Debug|Any CPU
		{46A887AE-27D0-48D1-B264-0DB07C2573CD}.Release|Any CPU.ActiveCfg = Release|Any CPU
		{46A887AE-27D0-48D1-B264-0DB07C2573CD}.Release|Any CPU.Build.0 = Release|Any CPU
		{CE180761-EAC4-4DC2-9369-06176840AFCD}.Debug|Any CPU.ActiveCfg = Debug|Any CPU
		{CE180761-EAC4-4DC2-9369-06176840AFCD}.Debug|Any CPU.Build.0 = Debug|Any CPU
		{CE180761-EAC4-4DC2-9369-06176840AFCD}.Release|Any CPU.ActiveCfg = Release|Any CPU
		{CE180761-EAC4-4DC2-9369-06176840AFCD}.Release|Any CPU.Build.0 = Release|Any CPU
		{D27A27DC-EA2A-4496-94EE-9C624B5C6E00}.Debug|Any CPU.ActiveCfg = Debug|Any CPU
		{D27A27DC-EA2A-4496-94EE-9C624B5C6E00}.Debug|Any CPU.Build.0 = Debug|Any CPU
		{D27A27DC-EA2A-4496-94EE-9C624B5C6E00}.Release|Any CPU.ActiveCfg = Release|Any CPU
		{D27A27DC-EA2A-4496-94EE-9C624B5C6E00}.Release|Any CPU.Build.0 = Release|Any CPU
		{50BDBCB0-BE2A-4AF6-9B72-68922C1A68D5}.Debug|Any CPU.ActiveCfg = Debug|Any CPU
		{50BDBCB0-BE2A-4AF6-9B72-68922C1A68D5}.Debug|Any CPU.Build.0 = Debug|Any CPU
		{50BDBCB0-BE2A-4AF6-9B72-68922C1A68D5}.Release|Any CPU.ActiveCfg = Release|Any CPU
		{50BDBCB0-BE2A-4AF6-9B72-68922C1A68D5}.Release|Any CPU.Build.0 = Release|Any CPU
		{1284127C-19CC-41EE-B271-6BD5F50A905D}.Debug|Any CPU.ActiveCfg = Debug|Any CPU
		{1284127C-19CC-41EE-B271-6BD5F50A905D}.Debug|Any CPU.Build.0 = Debug|Any CPU
		{1284127C-19CC-41EE-B271-6BD5F50A905D}.Release|Any CPU.ActiveCfg = Release|Any CPU
		{1284127C-19CC-41EE-B271-6BD5F50A905D}.Release|Any CPU.Build.0 = Release|Any CPU
		{7F94451A-F67D-43B5-B07F-7D384B2CE0C2}.Debug|Any CPU.ActiveCfg = Debug|Any CPU
		{7F94451A-F67D-43B5-B07F-7D384B2CE0C2}.Debug|Any CPU.Build.0 = Debug|Any CPU
		{7F94451A-F67D-43B5-B07F-7D384B2CE0C2}.Release|Any CPU.ActiveCfg = Release|Any CPU
		{7F94451A-F67D-43B5-B07F-7D384B2CE0C2}.Release|Any CPU.Build.0 = Release|Any CPU
		{B61CDA5C-64E3-4A7A-8318-CD8A0E2BD8D5}.Debug|Any CPU.ActiveCfg = Debug|Any CPU
		{B61CDA5C-64E3-4A7A-8318-CD8A0E2BD8D5}.Debug|Any CPU.Build.0 = Debug|Any CPU
		{B61CDA5C-64E3-4A7A-8318-CD8A0E2BD8D5}.Release|Any CPU.ActiveCfg = Release|Any CPU
		{B61CDA5C-64E3-4A7A-8318-CD8A0E2BD8D5}.Release|Any CPU.Build.0 = Release|Any CPU
		{43C47313-F880-44FD-9BF0-100CE043F06A}.Debug|Any CPU.ActiveCfg = Debug|Any CPU
		{43C47313-F880-44FD-9BF0-100CE043F06A}.Debug|Any CPU.Build.0 = Debug|Any CPU
		{43C47313-F880-44FD-9BF0-100CE043F06A}.Release|Any CPU.ActiveCfg = Release|Any CPU
		{43C47313-F880-44FD-9BF0-100CE043F06A}.Release|Any CPU.Build.0 = Release|Any CPU
		{BD65DB64-98A4-44AC-8442-168F46A6A6CE}.Debug|Any CPU.ActiveCfg = Debug|Any CPU
		{BD65DB64-98A4-44AC-8442-168F46A6A6CE}.Debug|Any CPU.Build.0 = Debug|Any CPU
		{BD65DB64-98A4-44AC-8442-168F46A6A6CE}.Release|Any CPU.ActiveCfg = Release|Any CPU
		{BD65DB64-98A4-44AC-8442-168F46A6A6CE}.Release|Any CPU.Build.0 = Release|Any CPU
		{D7C265F1-161D-4718-B1CB-166A01FA9A28}.Debug|Any CPU.ActiveCfg = Debug|Any CPU
		{D7C265F1-161D-4718-B1CB-166A01FA9A28}.Debug|Any CPU.Build.0 = Debug|Any CPU
		{D7C265F1-161D-4718-B1CB-166A01FA9A28}.Release|Any CPU.ActiveCfg = Release|Any CPU
		{D7C265F1-161D-4718-B1CB-166A01FA9A28}.Release|Any CPU.Build.0 = Release|Any CPU
		{52D43DF0-A5C2-4B8B-9492-27C17FA884C0}.Debug|Any CPU.ActiveCfg = Debug|Any CPU
		{52D43DF0-A5C2-4B8B-9492-27C17FA884C0}.Debug|Any CPU.Build.0 = Debug|Any CPU
		{52D43DF0-A5C2-4B8B-9492-27C17FA884C0}.Release|Any CPU.ActiveCfg = Release|Any CPU
		{52D43DF0-A5C2-4B8B-9492-27C17FA884C0}.Release|Any CPU.Build.0 = Release|Any CPU
		{6A40C7BF-8A53-4F1A-BBFE-455033F1749C}.Debug|Any CPU.ActiveCfg = Debug|Any CPU
		{6A40C7BF-8A53-4F1A-BBFE-455033F1749C}.Debug|Any CPU.Build.0 = Debug|Any CPU
		{6A40C7BF-8A53-4F1A-BBFE-455033F1749C}.Release|Any CPU.ActiveCfg = Release|Any CPU
		{6A40C7BF-8A53-4F1A-BBFE-455033F1749C}.Release|Any CPU.Build.0 = Release|Any CPU
		{55FE9898-0CCF-414F-A644-FD75631B096F}.Debug|Any CPU.ActiveCfg = Debug|Any CPU
		{55FE9898-0CCF-414F-A644-FD75631B096F}.Debug|Any CPU.Build.0 = Debug|Any CPU
		{55FE9898-0CCF-414F-A644-FD75631B096F}.Release|Any CPU.ActiveCfg = Release|Any CPU
		{55FE9898-0CCF-414F-A644-FD75631B096F}.Release|Any CPU.Build.0 = Release|Any CPU
		{0DFCD3A1-9630-459A-989D-0BCF12081FCD}.Debug|Any CPU.ActiveCfg = Debug|Any CPU
		{0DFCD3A1-9630-459A-989D-0BCF12081FCD}.Debug|Any CPU.Build.0 = Debug|Any CPU
		{0DFCD3A1-9630-459A-989D-0BCF12081FCD}.Release|Any CPU.ActiveCfg = Release|Any CPU
		{0DFCD3A1-9630-459A-989D-0BCF12081FCD}.Release|Any CPU.Build.0 = Release|Any CPU
		{C17AFC61-B0FE-40BE-A840-F56E8CAC37DF}.Debug|Any CPU.ActiveCfg = Debug|Any CPU
		{C17AFC61-B0FE-40BE-A840-F56E8CAC37DF}.Debug|Any CPU.Build.0 = Debug|Any CPU
		{C17AFC61-B0FE-40BE-A840-F56E8CAC37DF}.Release|Any CPU.ActiveCfg = Release|Any CPU
		{C17AFC61-B0FE-40BE-A840-F56E8CAC37DF}.Release|Any CPU.Build.0 = Release|Any CPU
		{F784E87D-7F54-42C5-B5AE-14E271326110}.Debug|Any CPU.ActiveCfg = Debug|Any CPU
		{F784E87D-7F54-42C5-B5AE-14E271326110}.Debug|Any CPU.Build.0 = Debug|Any CPU
		{F784E87D-7F54-42C5-B5AE-14E271326110}.Release|Any CPU.ActiveCfg = Release|Any CPU
		{F784E87D-7F54-42C5-B5AE-14E271326110}.Release|Any CPU.Build.0 = Release|Any CPU
		{FEB503C2-C8A1-4C22-A08E-EA374DE0E6E2}.Debug|Any CPU.ActiveCfg = Debug|Any CPU
		{FEB503C2-C8A1-4C22-A08E-EA374DE0E6E2}.Debug|Any CPU.Build.0 = Debug|Any CPU
		{FEB503C2-C8A1-4C22-A08E-EA374DE0E6E2}.Release|Any CPU.ActiveCfg = Release|Any CPU
		{FEB503C2-C8A1-4C22-A08E-EA374DE0E6E2}.Release|Any CPU.Build.0 = Release|Any CPU
		{BE960C31-99C5-48F4-A3EC-0E3ACF6D2B36}.Debug|Any CPU.ActiveCfg = Debug|Any CPU
		{BE960C31-99C5-48F4-A3EC-0E3ACF6D2B36}.Debug|Any CPU.Build.0 = Debug|Any CPU
		{BE960C31-99C5-48F4-A3EC-0E3ACF6D2B36}.Release|Any CPU.ActiveCfg = Release|Any CPU
		{BE960C31-99C5-48F4-A3EC-0E3ACF6D2B36}.Release|Any CPU.Build.0 = Release|Any CPU
		{EC6A2B30-D840-4874-98E1-0604DCD3EBDC}.Debug|Any CPU.ActiveCfg = Debug|Any CPU
		{EC6A2B30-D840-4874-98E1-0604DCD3EBDC}.Debug|Any CPU.Build.0 = Debug|Any CPU
		{EC6A2B30-D840-4874-98E1-0604DCD3EBDC}.Release|Any CPU.ActiveCfg = Release|Any CPU
		{EC6A2B30-D840-4874-98E1-0604DCD3EBDC}.Release|Any CPU.Build.0 = Release|Any CPU
	EndGlobalSection
	GlobalSection(SolutionProperties) = preSolution
		HideSolutionNode = FALSE
	EndGlobalSection
	GlobalSection(NestedProjects) = preSolution
		{5C641AF2-2BC5-4F38-ABB9-F57331F4A9FB} = {A984ADE8-4858-4752-8FEE-9164EA65D0B1}
		{3E47E589-7190-44A6-9CA0-F733F3F0F4C8} = {A984ADE8-4858-4752-8FEE-9164EA65D0B1}
		{158D8D47-F394-4A06-A519-E5E7934DC93A} = {A984ADE8-4858-4752-8FEE-9164EA65D0B1}
		{EE9E081E-1E0E-41A4-8F58-A65A839827C5} = {A984ADE8-4858-4752-8FEE-9164EA65D0B1}
		{75BA8253-9205-4117-ABA6-1DBDA2331D2E} = {A984ADE8-4858-4752-8FEE-9164EA65D0B1}
		{6EC7DDFA-DE4D-4D0D-A76D-15CB9C831095} = {94A407BD-BE2C-464B-9D76-B1D7CD72AF98}
		{73687FA4-CBE3-4177-9D5C-682B3A7C4C92} = {94A407BD-BE2C-464B-9D76-B1D7CD72AF98}
		{2C7835A8-950C-4151-91BD-AD25CF5AD982} = {94A407BD-BE2C-464B-9D76-B1D7CD72AF98}
		{DCACB286-5A90-41A0-AE46-50CFCC77BA25} = {94A407BD-BE2C-464B-9D76-B1D7CD72AF98}
		{22AF1438-D007-4AF0-BCFD-C9446724B720} = {152B5FFF-59F0-4D4E-ADFE-5A9657CABEFD}
		{ED2FE38A-12B1-42B5-A816-A66DCFE1A1EA} = {152B5FFF-59F0-4D4E-ADFE-5A9657CABEFD}
		{9F86E787-614D-41B3-ADBC-8868DCD81983} = {152B5FFF-59F0-4D4E-ADFE-5A9657CABEFD}
		{CC6CD0AA-E296-4D6C-B365-CA9A28E6811C} = {152B5FFF-59F0-4D4E-ADFE-5A9657CABEFD}
		{12B6742A-977E-4C48-ACB2-2E43312A3FC1} = {152B5FFF-59F0-4D4E-ADFE-5A9657CABEFD}
		{F874038F-3AB0-45A1-9692-15813691E28D} = {152B5FFF-59F0-4D4E-ADFE-5A9657CABEFD}
		{84B95259-42E0-4449-8769-E2C81F29C2B4} = {152B5FFF-59F0-4D4E-ADFE-5A9657CABEFD}
		{B6238307-C93C-47EE-84D1-C18DACF7A71C} = {152B5FFF-59F0-4D4E-ADFE-5A9657CABEFD}
		{1BBCF8FB-7628-4B95-A0F5-ECF8E0017000} = {152B5FFF-59F0-4D4E-ADFE-5A9657CABEFD}
		{6CFFFDF9-F3F5-417F-9970-16E4AFB4CF90} = {1021C19D-524B-4034-A922-1DD20414EB59}
		{C1726B3E-F2AD-4FA6-A8A3-FE9E1E158A1B} = {1021C19D-524B-4034-A922-1DD20414EB59}
		{DF6288D7-D160-4E52-97CD-2CE2A2375278} = {1021C19D-524B-4034-A922-1DD20414EB59}
		{419FFF3C-7A66-482D-8E94-A494AC316C5A} = {C1CEED68-818F-44D7-B1C6-1E0A46D9BBC0}
		{0EE9DA88-6DF9-47D1-B712-6131AEE1D643} = {C1CEED68-818F-44D7-B1C6-1E0A46D9BBC0}
		{46A887AE-27D0-48D1-B264-0DB07C2573CD} = {C1CEED68-818F-44D7-B1C6-1E0A46D9BBC0}
		{CE180761-EAC4-4DC2-9369-06176840AFCD} = {C1CEED68-818F-44D7-B1C6-1E0A46D9BBC0}
		{D27A27DC-EA2A-4496-94EE-9C624B5C6E00} = {C1CEED68-818F-44D7-B1C6-1E0A46D9BBC0}
		{50BDBCB0-BE2A-4AF6-9B72-68922C1A68D5} = {C1CEED68-818F-44D7-B1C6-1E0A46D9BBC0}
		{1284127C-19CC-41EE-B271-6BD5F50A905D} = {C1CEED68-818F-44D7-B1C6-1E0A46D9BBC0}
		{7F94451A-F67D-43B5-B07F-7D384B2CE0C2} = {C1CEED68-818F-44D7-B1C6-1E0A46D9BBC0}
		{B61CDA5C-64E3-4A7A-8318-CD8A0E2BD8D5} = {C1CEED68-818F-44D7-B1C6-1E0A46D9BBC0}
		{43C47313-F880-44FD-9BF0-100CE043F06A} = {94A407BD-BE2C-464B-9D76-B1D7CD72AF98}
		{BD65DB64-98A4-44AC-8442-168F46A6A6CE} = {94A407BD-BE2C-464B-9D76-B1D7CD72AF98}
		{D7C265F1-161D-4718-B1CB-166A01FA9A28} = {C1CEED68-818F-44D7-B1C6-1E0A46D9BBC0}
		{52D43DF0-A5C2-4B8B-9492-27C17FA884C0} = {C651CFE6-AF67-4A3C-8180-17A55052B8D4}
		{6A40C7BF-8A53-4F1A-BBFE-455033F1749C} = {C651CFE6-AF67-4A3C-8180-17A55052B8D4}
		{55FE9898-0CCF-414F-A644-FD75631B096F} = {C651CFE6-AF67-4A3C-8180-17A55052B8D4}
		{0DFCD3A1-9630-459A-989D-0BCF12081FCD} = {C651CFE6-AF67-4A3C-8180-17A55052B8D4}
		{C17AFC61-B0FE-40BE-A840-F56E8CAC37DF} = {C651CFE6-AF67-4A3C-8180-17A55052B8D4}
		{F784E87D-7F54-42C5-B5AE-14E271326110} = {C651CFE6-AF67-4A3C-8180-17A55052B8D4}
		{FEB503C2-C8A1-4C22-A08E-EA374DE0E6E2} = {78AA268B-AB00-4F78-9F54-67FCAB465838}
		{BE960C31-99C5-48F4-A3EC-0E3ACF6D2B36} = {78AA268B-AB00-4F78-9F54-67FCAB465838}
		{EC6A2B30-D840-4874-98E1-0604DCD3EBDC} = {78AA268B-AB00-4F78-9F54-67FCAB465838}
	EndGlobalSection
	GlobalSection(ExtensibilityGlobals) = postSolution
		SolutionGuid = {971147F5-9FEF-4E09-A563-B18A1C5561BF}
	EndGlobalSection
EndGlobal
